
Microsoft Visual Studio Solution File, Format Version 12.00
# Visual Studio Version 17
VisualStudioVersion = 17.1.32120.378
MinimumVisualStudioVersion = 10.0.40219.1
Project("{FAE04EC0-301F-11D3-BF4B-00C04F79EFBC}") = "SistemaWeb", "SistemaWeb\SistemaWeb.csproj", "{DDE65821-E0B9-48D8-A03B-6C61A63310A0}"
EndProject
Global
	GlobalSection(SolutionConfigurationPlatforms) = preSolution
		Debug|Any CPU = Debug|Any CPU
		Release|Any CPU = Release|Any CPU
	EndGlobalSection
	GlobalSection(ProjectConfigurationPlatforms) = postSolution
		{DDE65821-E0B9-48D8-A03B-6C61A63310A0}.Debug|Any CPU.ActiveCfg = Debug|Any CPU
		{DDE65821-E0B9-48D8-A03B-6C61A63310A0}.Debug|Any CPU.Build.0 = Debug|Any CPU
		{DDE65821-E0B9-48D8-A03B-6C61A63310A0}.Release|Any CPU.ActiveCfg = Release|Any CPU
		{DDE65821-E0B9-48D8-A03B-6C61A63310A0}.Release|Any CPU.Build.0 = Release|Any CPU
	EndGlobalSection
	GlobalSection(SolutionProperties) = preSolution
		HideSolutionNode = FALSE
	EndGlobalSection
	GlobalSection(ExtensibilityGlobals) = postSolution
		SolutionGuid = {6B973CBB-A2E9-44BE-9F18-D319C87616D2}
	EndGlobalSection
EndGlobal
